
Microsoft Visual Studio Solution File, Format Version 12.00
# Visual Studio Express 2013 for Windows Desktop
VisualStudioVersion = 12.0.31101.0
MinimumVisualStudioVersion = 10.0.40219.1
Project("{FAE04EC0-301F-11D3-BF4B-00C04F79EFBC}") = "字串相加", "字串相加.csproj", "{855ADF9D-3211-4AA5-9BE9-6244F16BFFFC}"
EndProject
Global
	GlobalSection(SolutionConfigurationPlatforms) = preSolution
		Debug|Any CPU = Debug|Any CPU
		Release|Any CPU = Release|Any CPU
	EndGlobalSection
	GlobalSection(ProjectConfigurationPlatforms) = postSolution
		{855ADF9D-3211-4AA5-9BE9-6244F16BFFFC}.Debug|Any CPU.ActiveCfg = Debug|Any CPU
		{855ADF9D-3211-4AA5-9BE9-6244F16BFFFC}.Debug|Any CPU.Build.0 = Debug|Any CPU
		{855ADF9D-3211-4AA5-9BE9-6244F16BFFFC}.Release|Any CPU.ActiveCfg = Release|Any CPU
		{855ADF9D-3211-4AA5-9BE9-6244F16BFFFC}.Release|Any CPU.Build.0 = Release|Any CPU
	EndGlobalSection
	GlobalSection(SolutionProperties) = preSolution
		HideSolutionNode = FALSE
	EndGlobalSection
EndGlobal
